
Microsoft Visual Studio Solution File, Format Version 12.00
Project("{FAE04EC0-301F-11D3-BF4B-00C04F79EFBC}") = "Pure.DI", "src\Pure.DI\Pure.DI.csproj", "{7C9E056B-CBA9-4548-9CDB-C5CE03C491B0}"
EndProject
Project("{2150E333-8FDC-42A3-9474-1A3956D46DE8}") = "solution", "solution", "{9B70157B-B6AC-4033-AD22-1DC3D7B3A2AD}"
	ProjectSection(SolutionItems) = preProject
		.gitignore = .gitignore
		Directory.Build.props = Directory.Build.props
		build.sh = build.sh
		build.cmd = build.cmd
	EndProjectSection
EndProject
Project("{FAE04EC0-301F-11D3-BF4B-00C04F79EFBC}") = "Pure.DI.IntegrationTests", "tests\Pure.DI.IntegrationTests\Pure.DI.IntegrationTests.csproj", "{9EB0FB9E-487A-48D8-8B2C-03FBA81335B1}"
EndProject
Project("{FAE04EC0-301F-11D3-BF4B-00C04F79EFBC}") = "Pure.DI.Tests", "tests\Pure.DI.Tests\Pure.DI.Tests.csproj", "{DAE1036B-6373-4CD4-A114-1A2EB36059F6}"
EndProject
Project("{2150E333-8FDC-42A3-9474-1A3956D46DE8}") = "src", "src", "{8163CDD7-7018-4301-A984-803C3807A6A6}"
	ProjectSection(SolutionItems) = preProject
		src\Directory.Build.props = src\Directory.Build.props
		src\Library.props = src\Library.props
	EndProjectSection
EndProject
Project("{2150E333-8FDC-42A3-9474-1A3956D46DE8}") = "tests", "tests", "{9DF1D09E-863F-4800-9E28-954440EE1601}"
	ProjectSection(SolutionItems) = preProject
		tests\Directory.Build.props = tests\Directory.Build.props
	EndProjectSection
EndProject
Project("{2150E333-8FDC-42A3-9474-1A3956D46DE8}") = "docs", "docs", "{2862E47E-F5EB-4346-A87B-E94C1A72A80C}"
	ProjectSection(SolutionItems) = preProject
		docs\icon.png = docs\icon.png
	EndProjectSection
EndProject
Project("{FAE04EC0-301F-11D3-BF4B-00C04F79EFBC}") = "Pure.DI.UsageTests", "tests\Pure.DI.UsageTests\Pure.DI.UsageTests.csproj", "{C375B7B7-A505-4E91-A421-8944FD3F2B10}"
EndProject
Project("{FAE04EC0-301F-11D3-BF4B-00C04F79EFBC}") = "Pure.DI.Core", "src\Pure.DI.Core\Pure.DI.Core.csproj", "{53303CC4-789D-49D8-A0CC-9FE53C721B78}"
EndProject
Project("{2150E333-8FDC-42A3-9474-1A3956D46DE8}") = "benchmarks", "benchmarks", "{B75BCD52-EFEF-4E29-848E-62B32867D2C5}"
EndProject
Project("{FAE04EC0-301F-11D3-BF4B-00C04F79EFBC}") = "Pure.DI.Benchmarks", "benchmarks\Pure.DI.Benchmarks\Pure.DI.Benchmarks.csproj", "{14E31F31-7ADE-4E29-942E-DA6964667645}"
EndProject
Project("{2150E333-8FDC-42A3-9474-1A3956D46DE8}") = "samples", "samples", "{FA80D231-C641-4A49-99C6-0C065D818B07}"
EndProject
Project("{FAE04EC0-301F-11D3-BF4B-00C04F79EFBC}") = "ShroedingersCat", "samples\ShroedingersCat\ShroedingersCat.csproj", "{43931C52-536B-49C7-B146-6C0C450C75B2}"
EndProject
Project("{FAE04EC0-301F-11D3-BF4B-00C04F79EFBC}") = "ShroedingersCatTopLevelStatements", "samples\ShroedingersCatTopLevelStatements\ShroedingersCatTopLevelStatements.csproj", "{52846443-7E83-42DC-860B-96EBBF598882}"
EndProject
Project("{FAE04EC0-301F-11D3-BF4B-00C04F79EFBC}") = "Clock", "samples\Clock\Clock.csproj", "{850AFD23-C9F6-4DF3-834A-953BDDAA9C2A}"
EndProject
Project("{FAE04EC0-301F-11D3-BF4B-00C04F79EFBC}") = "Clock.Tests", "samples\Clock.Tests\Clock.Tests.csproj", "{8FD4A7D9-4E7F-4AF2-9FC3-0D89D64FEAA6}"
EndProject
Project("{FAE04EC0-301F-11D3-BF4B-00C04F79EFBC}") = "WpfAppNetCore", "samples\WpfAppNetCore\WpfAppNetCore.csproj", "{9DBB3FF4-2C02-4F77-AF82-76147C9874C8}"
EndProject
Project("{FAE04EC0-301F-11D3-BF4B-00C04F79EFBC}") = "build", "build\build.csproj", "{F62AF473-0F16-4F55-953F-B737F6E2101B}"
EndProject
Project("{2150E333-8FDC-42A3-9474-1A3956D46DE8}") = "readme", "readme", "{24E44980-FC88-4DA1-A2D2-C45296AF7D63}"
	ProjectSection(SolutionItems) = preProject
		readme\ReadmeTemplate.md = readme\ReadmeTemplate.md
		README.md = README.md
		readme\FooterTemplate.md = readme\FooterTemplate.md
		docs\README.md = docs\README.md
		readme\ConsolePageTemplate.md = readme\ConsolePageTemplate.md
		readme\ConsoleTopLevelStatementsPageTemplate.md = readme\ConsoleTopLevelStatementsPageTemplate.md
		readme\WebAPIPageTemplate.md = readme\WebAPIPageTemplate.md
		readme\WpfPageTemplate.md = readme\WpfPageTemplate.md
		readme\ConsoleNativeAOTPageTemplate.md = readme\ConsoleNativeAOTPageTemplate.md
		readme\WebAppPageTemplate.md = readme\WebAppPageTemplate.md
		readme\GrpcServicePageTemplate.md = readme\GrpcServicePageTemplate.md
		readme\WinFormsAppNetCorePageTemplate.md = readme\WinFormsAppNetCorePageTemplate.md
		readme\WinFormsAppPageTemplate.md = readme\WinFormsAppPageTemplate.md
		readme\AvaloniaPageTemplate.md = readme\AvaloniaPageTemplate.md
		readme\BlazorServerAppPageTemplate.md = readme\BlazorServerAppPageTemplate.md
		readme\BlazorWebAssemblyAppPageTemplate.md = readme\BlazorWebAssemblyAppPageTemplate.md
	EndProjectSection
EndProject
Project("{FAE04EC0-301F-11D3-BF4B-00C04F79EFBC}") = "Pure.DI.Templates", "src\Pure.DI.Templates\Pure.DI.Templates.csproj", "{5A925B99-3FF8-4ED0-81C2-7F0D3AD52642}"
EndProject
Project("{FAE04EC0-301F-11D3-BF4B-00C04F79EFBC}") = "WebAPI", "samples\WebAPI\WebAPI.csproj", "{24C0D8F5-A206-4350-8EA4-03F1A7AC39D6}"
EndProject
Project("{FAE04EC0-301F-11D3-BF4B-00C04F79EFBC}") = "Pure.DI.MS", "src\Pure.DI.MS\Pure.DI.MS.csproj", "{F6E7F93F-E86B-4610-9BD5-0FC55D015B12}"
EndProject
Project("{FAE04EC0-301F-11D3-BF4B-00C04F79EFBC}") = "WebApp", "samples\WebApp\WebApp.csproj", "{E386932F-B141-494C-9A8D-46B168BE9731}"
EndProject
Project("{FAE04EC0-301F-11D3-BF4B-00C04F79EFBC}") = "GrpcService", "samples\GrpcService\GrpcService.csproj", "{D66FA5FF-C244-4757-97D2-1A18D87AF1CE}"
EndProject
Project("{FAE04EC0-301F-11D3-BF4B-00C04F79EFBC}") = "ShroedingersCatNativeAOT", "samples\ShroedingersCatNativeAOT\ShroedingersCatNativeAOT.csproj", "{BFC61486-B6A3-40DA-BE7C-F7C737E29EF8}"
EndProject
Project("{FAE04EC0-301F-11D3-BF4B-00C04F79EFBC}") = "WinFormsAppNetCore", "samples\WinFormsAppNetCore\WinFormsAppNetCore.csproj", "{AFC20CA4-8A42-4692-BAEE-52272803356A}"
EndProject
Project("{FAE04EC0-301F-11D3-BF4B-00C04F79EFBC}") = "AvaloniaApp", "samples\AvaloniaApp\AvaloniaApp.csproj", "{E4274A56-868E-427E-87FE-E2D46749CAE6}"
EndProject
Project("{FAE04EC0-301F-11D3-BF4B-00C04F79EFBC}") = "BlazorServerApp", "samples\BlazorServerApp\BlazorServerApp.csproj", "{6C95BC87-DA77-4CE7-8CAB-9BEC254CEF51}"
EndProject
Project("{FAE04EC0-301F-11D3-BF4B-00C04F79EFBC}") = "BlazorWebAssemblyApp", "samples\BlazorWebAssemblyApp\BlazorWebAssemblyApp.csproj", "{D1C043C4-ED8F-45C5-8077-EF10AA71B951}"
EndProject
Project("{FAE04EC0-301F-11D3-BF4B-00C04F79EFBC}") = "WeatherForecast", "samples\WeatherForecast\WeatherForecast.csproj", "{9A3E2271-3090-4BCE-BB48-6C0724CFBE44}"
EndProject
Project("{FAE04EC0-301F-11D3-BF4B-00C04F79EFBC}") = "Pure.DI.Kafka", "src\Pure.DI.Kafka\Pure.DI.Kafka.csproj", "{38E5C6EC-E1FB-4C9D-A054-D5F7BF6AF250}"
EndProject
Global
	GlobalSection(SolutionConfigurationPlatforms) = preSolution
		Debug|Any CPU = Debug|Any CPU
		Release|Any CPU = Release|Any CPU
	EndGlobalSection
	GlobalSection(ProjectConfigurationPlatforms) = postSolution
		{7C9E056B-CBA9-4548-9CDB-C5CE03C491B0}.Debug|Any CPU.ActiveCfg = Debug|Any CPU
		{7C9E056B-CBA9-4548-9CDB-C5CE03C491B0}.Debug|Any CPU.Build.0 = Debug|Any CPU
		{7C9E056B-CBA9-4548-9CDB-C5CE03C491B0}.Release|Any CPU.ActiveCfg = Release|Any CPU
		{7C9E056B-CBA9-4548-9CDB-C5CE03C491B0}.Release|Any CPU.Build.0 = Release|Any CPU
		{9EB0FB9E-487A-48D8-8B2C-03FBA81335B1}.Debug|Any CPU.ActiveCfg = Debug|Any CPU
		{9EB0FB9E-487A-48D8-8B2C-03FBA81335B1}.Debug|Any CPU.Build.0 = Debug|Any CPU
		{9EB0FB9E-487A-48D8-8B2C-03FBA81335B1}.Release|Any CPU.ActiveCfg = Release|Any CPU
		{9EB0FB9E-487A-48D8-8B2C-03FBA81335B1}.Release|Any CPU.Build.0 = Release|Any CPU
		{DAE1036B-6373-4CD4-A114-1A2EB36059F6}.Debug|Any CPU.ActiveCfg = Debug|Any CPU
		{DAE1036B-6373-4CD4-A114-1A2EB36059F6}.Debug|Any CPU.Build.0 = Debug|Any CPU
		{DAE1036B-6373-4CD4-A114-1A2EB36059F6}.Release|Any CPU.ActiveCfg = Release|Any CPU
		{DAE1036B-6373-4CD4-A114-1A2EB36059F6}.Release|Any CPU.Build.0 = Release|Any CPU
		{C375B7B7-A505-4E91-A421-8944FD3F2B10}.Debug|Any CPU.ActiveCfg = Debug|Any CPU
		{C375B7B7-A505-4E91-A421-8944FD3F2B10}.Debug|Any CPU.Build.0 = Debug|Any CPU
		{C375B7B7-A505-4E91-A421-8944FD3F2B10}.Release|Any CPU.ActiveCfg = Release|Any CPU
		{C375B7B7-A505-4E91-A421-8944FD3F2B10}.Release|Any CPU.Build.0 = Release|Any CPU
		{53303CC4-789D-49D8-A0CC-9FE53C721B78}.Debug|Any CPU.ActiveCfg = Debug|Any CPU
		{53303CC4-789D-49D8-A0CC-9FE53C721B78}.Debug|Any CPU.Build.0 = Debug|Any CPU
		{53303CC4-789D-49D8-A0CC-9FE53C721B78}.Release|Any CPU.ActiveCfg = Release|Any CPU
		{53303CC4-789D-49D8-A0CC-9FE53C721B78}.Release|Any CPU.Build.0 = Release|Any CPU
		{14E31F31-7ADE-4E29-942E-DA6964667645}.Debug|Any CPU.ActiveCfg = Debug|Any CPU
		{14E31F31-7ADE-4E29-942E-DA6964667645}.Debug|Any CPU.Build.0 = Debug|Any CPU
		{14E31F31-7ADE-4E29-942E-DA6964667645}.Release|Any CPU.ActiveCfg = Release|Any CPU
		{14E31F31-7ADE-4E29-942E-DA6964667645}.Release|Any CPU.Build.0 = Release|Any CPU
		{43931C52-536B-49C7-B146-6C0C450C75B2}.Debug|Any CPU.ActiveCfg = Debug|Any CPU
		{43931C52-536B-49C7-B146-6C0C450C75B2}.Debug|Any CPU.Build.0 = Debug|Any CPU
		{43931C52-536B-49C7-B146-6C0C450C75B2}.Release|Any CPU.ActiveCfg = Release|Any CPU
		{43931C52-536B-49C7-B146-6C0C450C75B2}.Release|Any CPU.Build.0 = Release|Any CPU
		{52846443-7E83-42DC-860B-96EBBF598882}.Debug|Any CPU.ActiveCfg = Debug|Any CPU
		{52846443-7E83-42DC-860B-96EBBF598882}.Debug|Any CPU.Build.0 = Debug|Any CPU
		{52846443-7E83-42DC-860B-96EBBF598882}.Release|Any CPU.ActiveCfg = Release|Any CPU
		{52846443-7E83-42DC-860B-96EBBF598882}.Release|Any CPU.Build.0 = Release|Any CPU
		{850AFD23-C9F6-4DF3-834A-953BDDAA9C2A}.Debug|Any CPU.ActiveCfg = Debug|Any CPU
		{850AFD23-C9F6-4DF3-834A-953BDDAA9C2A}.Debug|Any CPU.Build.0 = Debug|Any CPU
		{850AFD23-C9F6-4DF3-834A-953BDDAA9C2A}.Release|Any CPU.ActiveCfg = Release|Any CPU
		{850AFD23-C9F6-4DF3-834A-953BDDAA9C2A}.Release|Any CPU.Build.0 = Release|Any CPU
		{8FD4A7D9-4E7F-4AF2-9FC3-0D89D64FEAA6}.Debug|Any CPU.ActiveCfg = Debug|Any CPU
		{8FD4A7D9-4E7F-4AF2-9FC3-0D89D64FEAA6}.Debug|Any CPU.Build.0 = Debug|Any CPU
		{8FD4A7D9-4E7F-4AF2-9FC3-0D89D64FEAA6}.Release|Any CPU.ActiveCfg = Release|Any CPU
		{8FD4A7D9-4E7F-4AF2-9FC3-0D89D64FEAA6}.Release|Any CPU.Build.0 = Release|Any CPU
		{9DBB3FF4-2C02-4F77-AF82-76147C9874C8}.Debug|Any CPU.ActiveCfg = Debug|Any CPU
		{9DBB3FF4-2C02-4F77-AF82-76147C9874C8}.Debug|Any CPU.Build.0 = Debug|Any CPU
		{9DBB3FF4-2C02-4F77-AF82-76147C9874C8}.Release|Any CPU.ActiveCfg = Release|Any CPU
		{9DBB3FF4-2C02-4F77-AF82-76147C9874C8}.Release|Any CPU.Build.0 = Release|Any CPU
		{F62AF473-0F16-4F55-953F-B737F6E2101B}.Debug|Any CPU.ActiveCfg = Debug|Any CPU
		{F62AF473-0F16-4F55-953F-B737F6E2101B}.Debug|Any CPU.Build.0 = Debug|Any CPU
		{F62AF473-0F16-4F55-953F-B737F6E2101B}.Release|Any CPU.ActiveCfg = Release|Any CPU
		{F62AF473-0F16-4F55-953F-B737F6E2101B}.Release|Any CPU.Build.0 = Release|Any CPU
		{5A925B99-3FF8-4ED0-81C2-7F0D3AD52642}.Debug|Any CPU.ActiveCfg = Debug|Any CPU
		{5A925B99-3FF8-4ED0-81C2-7F0D3AD52642}.Debug|Any CPU.Build.0 = Debug|Any CPU
		{5A925B99-3FF8-4ED0-81C2-7F0D3AD52642}.Release|Any CPU.ActiveCfg = Release|Any CPU
		{5A925B99-3FF8-4ED0-81C2-7F0D3AD52642}.Release|Any CPU.Build.0 = Release|Any CPU
		{24C0D8F5-A206-4350-8EA4-03F1A7AC39D6}.Debug|Any CPU.ActiveCfg = Debug|Any CPU
		{24C0D8F5-A206-4350-8EA4-03F1A7AC39D6}.Debug|Any CPU.Build.0 = Debug|Any CPU
		{24C0D8F5-A206-4350-8EA4-03F1A7AC39D6}.Release|Any CPU.ActiveCfg = Release|Any CPU
		{24C0D8F5-A206-4350-8EA4-03F1A7AC39D6}.Release|Any CPU.Build.0 = Release|Any CPU
		{F6E7F93F-E86B-4610-9BD5-0FC55D015B12}.Debug|Any CPU.ActiveCfg = Debug|Any CPU
		{F6E7F93F-E86B-4610-9BD5-0FC55D015B12}.Debug|Any CPU.Build.0 = Debug|Any CPU
		{F6E7F93F-E86B-4610-9BD5-0FC55D015B12}.Release|Any CPU.ActiveCfg = Release|Any CPU
		{F6E7F93F-E86B-4610-9BD5-0FC55D015B12}.Release|Any CPU.Build.0 = Release|Any CPU
		{E386932F-B141-494C-9A8D-46B168BE9731}.Debug|Any CPU.ActiveCfg = Debug|Any CPU
		{E386932F-B141-494C-9A8D-46B168BE9731}.Debug|Any CPU.Build.0 = Debug|Any CPU
		{E386932F-B141-494C-9A8D-46B168BE9731}.Release|Any CPU.ActiveCfg = Release|Any CPU
		{E386932F-B141-494C-9A8D-46B168BE9731}.Release|Any CPU.Build.0 = Release|Any CPU
		{D66FA5FF-C244-4757-97D2-1A18D87AF1CE}.Debug|Any CPU.ActiveCfg = Debug|Any CPU
		{D66FA5FF-C244-4757-97D2-1A18D87AF1CE}.Debug|Any CPU.Build.0 = Debug|Any CPU
		{D66FA5FF-C244-4757-97D2-1A18D87AF1CE}.Release|Any CPU.ActiveCfg = Release|Any CPU
		{D66FA5FF-C244-4757-97D2-1A18D87AF1CE}.Release|Any CPU.Build.0 = Release|Any CPU
		{BFC61486-B6A3-40DA-BE7C-F7C737E29EF8}.Debug|Any CPU.ActiveCfg = Debug|Any CPU
		{BFC61486-B6A3-40DA-BE7C-F7C737E29EF8}.Debug|Any CPU.Build.0 = Debug|Any CPU
		{BFC61486-B6A3-40DA-BE7C-F7C737E29EF8}.Release|Any CPU.ActiveCfg = Release|Any CPU
		{BFC61486-B6A3-40DA-BE7C-F7C737E29EF8}.Release|Any CPU.Build.0 = Release|Any CPU
		{AFC20CA4-8A42-4692-BAEE-52272803356A}.Debug|Any CPU.ActiveCfg = Debug|Any CPU
		{AFC20CA4-8A42-4692-BAEE-52272803356A}.Debug|Any CPU.Build.0 = Debug|Any CPU
		{AFC20CA4-8A42-4692-BAEE-52272803356A}.Release|Any CPU.ActiveCfg = Release|Any CPU
		{AFC20CA4-8A42-4692-BAEE-52272803356A}.Release|Any CPU.Build.0 = Release|Any CPU
		{E4274A56-868E-427E-87FE-E2D46749CAE6}.Debug|Any CPU.ActiveCfg = Debug|Any CPU
		{E4274A56-868E-427E-87FE-E2D46749CAE6}.Debug|Any CPU.Build.0 = Debug|Any CPU
		{E4274A56-868E-427E-87FE-E2D46749CAE6}.Release|Any CPU.ActiveCfg = Release|Any CPU
		{E4274A56-868E-427E-87FE-E2D46749CAE6}.Release|Any CPU.Build.0 = Release|Any CPU
		{6C95BC87-DA77-4CE7-8CAB-9BEC254CEF51}.Debug|Any CPU.ActiveCfg = Debug|Any CPU
		{6C95BC87-DA77-4CE7-8CAB-9BEC254CEF51}.Debug|Any CPU.Build.0 = Debug|Any CPU
		{6C95BC87-DA77-4CE7-8CAB-9BEC254CEF51}.Release|Any CPU.ActiveCfg = Release|Any CPU
		{6C95BC87-DA77-4CE7-8CAB-9BEC254CEF51}.Release|Any CPU.Build.0 = Release|Any CPU
		{D1C043C4-ED8F-45C5-8077-EF10AA71B951}.Debug|Any CPU.ActiveCfg = Debug|Any CPU
		{D1C043C4-ED8F-45C5-8077-EF10AA71B951}.Debug|Any CPU.Build.0 = Debug|Any CPU
		{D1C043C4-ED8F-45C5-8077-EF10AA71B951}.Release|Any CPU.ActiveCfg = Release|Any CPU
		{D1C043C4-ED8F-45C5-8077-EF10AA71B951}.Release|Any CPU.Build.0 = Release|Any CPU
		{9A3E2271-3090-4BCE-BB48-6C0724CFBE44}.Debug|Any CPU.ActiveCfg = Debug|Any CPU
		{9A3E2271-3090-4BCE-BB48-6C0724CFBE44}.Debug|Any CPU.Build.0 = Debug|Any CPU
		{9A3E2271-3090-4BCE-BB48-6C0724CFBE44}.Release|Any CPU.ActiveCfg = Release|Any CPU
		{9A3E2271-3090-4BCE-BB48-6C0724CFBE44}.Release|Any CPU.Build.0 = Release|Any CPU
		{38E5C6EC-E1FB-4C9D-A054-D5F7BF6AF250}.Debug|Any CPU.ActiveCfg = Debug|Any CPU
		{38E5C6EC-E1FB-4C9D-A054-D5F7BF6AF250}.Debug|Any CPU.Build.0 = Debug|Any CPU
		{38E5C6EC-E1FB-4C9D-A054-D5F7BF6AF250}.Release|Any CPU.ActiveCfg = Release|Any CPU
		{38E5C6EC-E1FB-4C9D-A054-D5F7BF6AF250}.Release|Any CPU.Build.0 = Release|Any CPU
	EndGlobalSection
	GlobalSection(NestedProjects) = preSolution
		{7C9E056B-CBA9-4548-9CDB-C5CE03C491B0} = {8163CDD7-7018-4301-A984-803C3807A6A6}
		{9EB0FB9E-487A-48D8-8B2C-03FBA81335B1} = {9DF1D09E-863F-4800-9E28-954440EE1601}
		{DAE1036B-6373-4CD4-A114-1A2EB36059F6} = {9DF1D09E-863F-4800-9E28-954440EE1601}
		{C375B7B7-A505-4E91-A421-8944FD3F2B10} = {9DF1D09E-863F-4800-9E28-954440EE1601}
		{53303CC4-789D-49D8-A0CC-9FE53C721B78} = {8163CDD7-7018-4301-A984-803C3807A6A6}
		{14E31F31-7ADE-4E29-942E-DA6964667645} = {B75BCD52-EFEF-4E29-848E-62B32867D2C5}
		{43931C52-536B-49C7-B146-6C0C450C75B2} = {FA80D231-C641-4A49-99C6-0C065D818B07}
		{52846443-7E83-42DC-860B-96EBBF598882} = {FA80D231-C641-4A49-99C6-0C065D818B07}
		{850AFD23-C9F6-4DF3-834A-953BDDAA9C2A} = {FA80D231-C641-4A49-99C6-0C065D818B07}
		{8FD4A7D9-4E7F-4AF2-9FC3-0D89D64FEAA6} = {FA80D231-C641-4A49-99C6-0C065D818B07}
		{9DBB3FF4-2C02-4F77-AF82-76147C9874C8} = {FA80D231-C641-4A49-99C6-0C065D818B07}
		{5A925B99-3FF8-4ED0-81C2-7F0D3AD52642} = {8163CDD7-7018-4301-A984-803C3807A6A6}
		{24C0D8F5-A206-4350-8EA4-03F1A7AC39D6} = {FA80D231-C641-4A49-99C6-0C065D818B07}
		{F6E7F93F-E86B-4610-9BD5-0FC55D015B12} = {8163CDD7-7018-4301-A984-803C3807A6A6}
		{E386932F-B141-494C-9A8D-46B168BE9731} = {FA80D231-C641-4A49-99C6-0C065D818B07}
		{D66FA5FF-C244-4757-97D2-1A18D87AF1CE} = {FA80D231-C641-4A49-99C6-0C065D818B07}
		{BFC61486-B6A3-40DA-BE7C-F7C737E29EF8} = {FA80D231-C641-4A49-99C6-0C065D818B07}
		{AFC20CA4-8A42-4692-BAEE-52272803356A} = {FA80D231-C641-4A49-99C6-0C065D818B07}
		{E4274A56-868E-427E-87FE-E2D46749CAE6} = {FA80D231-C641-4A49-99C6-0C065D818B07}
		{6C95BC87-DA77-4CE7-8CAB-9BEC254CEF51} = {FA80D231-C641-4A49-99C6-0C065D818B07}
		{D1C043C4-ED8F-45C5-8077-EF10AA71B951} = {FA80D231-C641-4A49-99C6-0C065D818B07}
		{9A3E2271-3090-4BCE-BB48-6C0724CFBE44} = {FA80D231-C641-4A49-99C6-0C065D818B07}
		{38E5C6EC-E1FB-4C9D-A054-D5F7BF6AF250} = {8163CDD7-7018-4301-A984-803C3807A6A6}
	EndGlobalSection
EndGlobal
