
Microsoft Visual Studio Solution File, Format Version 12.00
Project("{FAE04EC0-301F-11D3-BF4B-00C04F79EFBC}") = "Pure.DI", "src\Pure.DI\Pure.DI.csproj", "{7C9E056B-CBA9-4548-9CDB-C5CE03C491B0}"
EndProject
Project("{2150E333-8FDC-42A3-9474-1A3956D46DE8}") = "solution", "solution", "{9B70157B-B6AC-4033-AD22-1DC3D7B3A2AD}"
	ProjectSection(SolutionItems) = preProject
		.gitignore = .gitignore
		global.json = global.json
		Directory.Build.props = Directory.Build.props
	EndProjectSection
EndProject
Project("{FAE04EC0-301F-11D3-BF4B-00C04F79EFBC}") = "Pure.DI.IntegrationTests", "tests\Pure.DI.IntegrationTests\Pure.DI.IntegrationTests.csproj", "{9EB0FB9E-487A-48D8-8B2C-03FBA81335B1}"
EndProject
Project("{FAE04EC0-301F-11D3-BF4B-00C04F79EFBC}") = "Pure.DI.Tests", "tests\Pure.DI.Tests\Pure.DI.Tests.csproj", "{DAE1036B-6373-4CD4-A114-1A2EB36059F6}"
EndProject
Project("{2150E333-8FDC-42A3-9474-1A3956D46DE8}") = "src", "src", "{8163CDD7-7018-4301-A984-803C3807A6A6}"
	ProjectSection(SolutionItems) = preProject
		src\Directory.Build.props = src\Directory.Build.props
	EndProjectSection
EndProject
Project("{2150E333-8FDC-42A3-9474-1A3956D46DE8}") = "tests", "tests", "{9DF1D09E-863F-4800-9E28-954440EE1601}"
	ProjectSection(SolutionItems) = preProject
		tests\Directory.Build.props = tests\Directory.Build.props
	EndProjectSection
EndProject
Project("{2150E333-8FDC-42A3-9474-1A3956D46DE8}") = "docs", "docs", "{2862E47E-F5EB-4346-A87B-E94C1A72A80C}"
	ProjectSection(SolutionItems) = preProject
		docs\icon.png = docs\icon.png
	EndProjectSection
EndProject
Project("{FAE04EC0-301F-11D3-BF4B-00C04F79EFBC}") = "Pure.DI.UsageTests", "tests\Pure.DI.UsageTests\Pure.DI.UsageTests.csproj", "{C375B7B7-A505-4E91-A421-8944FD3F2B10}"
EndProject
Project("{FAE04EC0-301F-11D3-BF4B-00C04F79EFBC}") = "Pure.DI.Core", "src\Pure.DI.Core\Pure.DI.Core.csproj", "{53303CC4-789D-49D8-A0CC-9FE53C721B78}"
EndProject
Project("{2150E333-8FDC-42A3-9474-1A3956D46DE8}") = "benchmarks", "benchmarks", "{B75BCD52-EFEF-4E29-848E-62B32867D2C5}"
EndProject
Project("{FAE04EC0-301F-11D3-BF4B-00C04F79EFBC}") = "Pure.DI.Benchmarks", "benchmarks\Pure.DI.Benchmarks\Pure.DI.Benchmarks.csproj", "{14E31F31-7ADE-4E29-942E-DA6964667645}"
EndProject
Project("{2150E333-8FDC-42A3-9474-1A3956D46DE8}") = "samples", "samples", "{FA80D231-C641-4A49-99C6-0C065D818B07}"
EndProject
Project("{FAE04EC0-301F-11D3-BF4B-00C04F79EFBC}") = "ShroedingersCat", "samples\ShroedingersCat\ShroedingersCat.csproj", "{43931C52-536B-49C7-B146-6C0C450C75B2}"
EndProject
Project("{FAE04EC0-301F-11D3-BF4B-00C04F79EFBC}") = "ShroedingersCatTopLevelStatements", "samples\ShroedingersCatTopLevelStatements\ShroedingersCatTopLevelStatements.csproj", "{52846443-7E83-42DC-860B-96EBBF598882}"
EndProject
Project("{FAE04EC0-301F-11D3-BF4B-00C04F79EFBC}") = "Clock", "samples\Clock\Clock.csproj", "{850AFD23-C9F6-4DF3-834A-953BDDAA9C2A}"
EndProject
Project("{FAE04EC0-301F-11D3-BF4B-00C04F79EFBC}") = "Clock.Tests", "samples\Clock.Tests\Clock.Tests.csproj", "{8FD4A7D9-4E7F-4AF2-9FC3-0D89D64FEAA6}"
EndProject
Project("{FAE04EC0-301F-11D3-BF4B-00C04F79EFBC}") = "WpfAppNetCore", "samples\WpfAppNetCore\WpfAppNetCore.csproj", "{9DBB3FF4-2C02-4F77-AF82-76147C9874C8}"
EndProject
Global
	GlobalSection(SolutionConfigurationPlatforms) = preSolution
		Debug|Any CPU = Debug|Any CPU
		Release|Any CPU = Release|Any CPU
	EndGlobalSection
	GlobalSection(ProjectConfigurationPlatforms) = postSolution
		{7C9E056B-CBA9-4548-9CDB-C5CE03C491B0}.Debug|Any CPU.ActiveCfg = Debug|Any CPU
		{7C9E056B-CBA9-4548-9CDB-C5CE03C491B0}.Debug|Any CPU.Build.0 = Debug|Any CPU
		{7C9E056B-CBA9-4548-9CDB-C5CE03C491B0}.Release|Any CPU.ActiveCfg = Release|Any CPU
		{7C9E056B-CBA9-4548-9CDB-C5CE03C491B0}.Release|Any CPU.Build.0 = Release|Any CPU
		{9EB0FB9E-487A-48D8-8B2C-03FBA81335B1}.Debug|Any CPU.ActiveCfg = Debug|Any CPU
		{9EB0FB9E-487A-48D8-8B2C-03FBA81335B1}.Debug|Any CPU.Build.0 = Debug|Any CPU
		{9EB0FB9E-487A-48D8-8B2C-03FBA81335B1}.Release|Any CPU.ActiveCfg = Release|Any CPU
		{9EB0FB9E-487A-48D8-8B2C-03FBA81335B1}.Release|Any CPU.Build.0 = Release|Any CPU
		{DAE1036B-6373-4CD4-A114-1A2EB36059F6}.Debug|Any CPU.ActiveCfg = Debug|Any CPU
		{DAE1036B-6373-4CD4-A114-1A2EB36059F6}.Debug|Any CPU.Build.0 = Debug|Any CPU
		{DAE1036B-6373-4CD4-A114-1A2EB36059F6}.Release|Any CPU.ActiveCfg = Release|Any CPU
		{DAE1036B-6373-4CD4-A114-1A2EB36059F6}.Release|Any CPU.Build.0 = Release|Any CPU
		{C375B7B7-A505-4E91-A421-8944FD3F2B10}.Debug|Any CPU.ActiveCfg = Debug|Any CPU
		{C375B7B7-A505-4E91-A421-8944FD3F2B10}.Debug|Any CPU.Build.0 = Debug|Any CPU
		{C375B7B7-A505-4E91-A421-8944FD3F2B10}.Release|Any CPU.ActiveCfg = Release|Any CPU
		{C375B7B7-A505-4E91-A421-8944FD3F2B10}.Release|Any CPU.Build.0 = Release|Any CPU
		{53303CC4-789D-49D8-A0CC-9FE53C721B78}.Debug|Any CPU.ActiveCfg = Debug|Any CPU
		{53303CC4-789D-49D8-A0CC-9FE53C721B78}.Debug|Any CPU.Build.0 = Debug|Any CPU
		{53303CC4-789D-49D8-A0CC-9FE53C721B78}.Release|Any CPU.ActiveCfg = Release|Any CPU
		{53303CC4-789D-49D8-A0CC-9FE53C721B78}.Release|Any CPU.Build.0 = Release|Any CPU
		{14E31F31-7ADE-4E29-942E-DA6964667645}.Debug|Any CPU.ActiveCfg = Debug|Any CPU
		{14E31F31-7ADE-4E29-942E-DA6964667645}.Debug|Any CPU.Build.0 = Debug|Any CPU
		{14E31F31-7ADE-4E29-942E-DA6964667645}.Release|Any CPU.ActiveCfg = Release|Any CPU
		{14E31F31-7ADE-4E29-942E-DA6964667645}.Release|Any CPU.Build.0 = Release|Any CPU
		{43931C52-536B-49C7-B146-6C0C450C75B2}.Debug|Any CPU.ActiveCfg = Debug|Any CPU
		{43931C52-536B-49C7-B146-6C0C450C75B2}.Debug|Any CPU.Build.0 = Debug|Any CPU
		{43931C52-536B-49C7-B146-6C0C450C75B2}.Release|Any CPU.ActiveCfg = Release|Any CPU
		{43931C52-536B-49C7-B146-6C0C450C75B2}.Release|Any CPU.Build.0 = Release|Any CPU
		{52846443-7E83-42DC-860B-96EBBF598882}.Debug|Any CPU.ActiveCfg = Debug|Any CPU
		{52846443-7E83-42DC-860B-96EBBF598882}.Debug|Any CPU.Build.0 = Debug|Any CPU
		{52846443-7E83-42DC-860B-96EBBF598882}.Release|Any CPU.ActiveCfg = Release|Any CPU
		{52846443-7E83-42DC-860B-96EBBF598882}.Release|Any CPU.Build.0 = Release|Any CPU
		{850AFD23-C9F6-4DF3-834A-953BDDAA9C2A}.Debug|Any CPU.ActiveCfg = Debug|Any CPU
		{850AFD23-C9F6-4DF3-834A-953BDDAA9C2A}.Debug|Any CPU.Build.0 = Debug|Any CPU
		{850AFD23-C9F6-4DF3-834A-953BDDAA9C2A}.Release|Any CPU.ActiveCfg = Release|Any CPU
		{850AFD23-C9F6-4DF3-834A-953BDDAA9C2A}.Release|Any CPU.Build.0 = Release|Any CPU
		{8FD4A7D9-4E7F-4AF2-9FC3-0D89D64FEAA6}.Debug|Any CPU.ActiveCfg = Debug|Any CPU
		{8FD4A7D9-4E7F-4AF2-9FC3-0D89D64FEAA6}.Debug|Any CPU.Build.0 = Debug|Any CPU
		{8FD4A7D9-4E7F-4AF2-9FC3-0D89D64FEAA6}.Release|Any CPU.ActiveCfg = Release|Any CPU
		{8FD4A7D9-4E7F-4AF2-9FC3-0D89D64FEAA6}.Release|Any CPU.Build.0 = Release|Any CPU
		{9DBB3FF4-2C02-4F77-AF82-76147C9874C8}.Debug|Any CPU.ActiveCfg = Debug|Any CPU
		{9DBB3FF4-2C02-4F77-AF82-76147C9874C8}.Debug|Any CPU.Build.0 = Debug|Any CPU
		{9DBB3FF4-2C02-4F77-AF82-76147C9874C8}.Release|Any CPU.ActiveCfg = Release|Any CPU
		{9DBB3FF4-2C02-4F77-AF82-76147C9874C8}.Release|Any CPU.Build.0 = Release|Any CPU
	EndGlobalSection
	GlobalSection(NestedProjects) = preSolution
		{7C9E056B-CBA9-4548-9CDB-C5CE03C491B0} = {8163CDD7-7018-4301-A984-803C3807A6A6}
		{9EB0FB9E-487A-48D8-8B2C-03FBA81335B1} = {9DF1D09E-863F-4800-9E28-954440EE1601}
		{DAE1036B-6373-4CD4-A114-1A2EB36059F6} = {9DF1D09E-863F-4800-9E28-954440EE1601}
		{C375B7B7-A505-4E91-A421-8944FD3F2B10} = {9DF1D09E-863F-4800-9E28-954440EE1601}
		{53303CC4-789D-49D8-A0CC-9FE53C721B78} = {8163CDD7-7018-4301-A984-803C3807A6A6}
		{14E31F31-7ADE-4E29-942E-DA6964667645} = {B75BCD52-EFEF-4E29-848E-62B32867D2C5}
		{43931C52-536B-49C7-B146-6C0C450C75B2} = {FA80D231-C641-4A49-99C6-0C065D818B07}
		{52846443-7E83-42DC-860B-96EBBF598882} = {FA80D231-C641-4A49-99C6-0C065D818B07}
		{850AFD23-C9F6-4DF3-834A-953BDDAA9C2A} = {FA80D231-C641-4A49-99C6-0C065D818B07}
		{8FD4A7D9-4E7F-4AF2-9FC3-0D89D64FEAA6} = {FA80D231-C641-4A49-99C6-0C065D818B07}
		{9DBB3FF4-2C02-4F77-AF82-76147C9874C8} = {FA80D231-C641-4A49-99C6-0C065D818B07}
	EndGlobalSection
EndGlobal
